
Microsoft Visual Studio Solution File, Format Version 11.00
# Visual Studio 2010
Project("{FAE04EC0-301F-11D3-BF4B-00C04F79EFBC}") = "MathPlotter", "MathPlotter\MathPlotter.csproj", "{7077D67E-71F1-4BDB-857D-831A380BA6E7}"
EndProject
Project("{54435603-DBB4-11D2-8724-00A0C9A8B90C}") = "Setup", "Setup\Setup.vdproj", "{E05A6AEC-C255-4D7F-B9BE-2F9328B8B313}"
EndProject
Project("{FAE04EC0-301F-11D3-BF4B-00C04F79EFBC}") = "Scripting", "WpfControlLibrary1\Scripting.csproj", "{315E1206-9ADF-42D6-8DEF-192FF11D5628}"
EndProject
Global
	GlobalSection(SolutionConfigurationPlatforms) = preSolution
		Debug|Any CPU = Debug|Any CPU
		Debug|Mixed Platforms = Debug|Mixed Platforms
		Debug|x86 = Debug|x86
		Release|Any CPU = Release|Any CPU
		Release|Mixed Platforms = Release|Mixed Platforms
		Release|x86 = Release|x86
	EndGlobalSection
	GlobalSection(ProjectConfigurationPlatforms) = postSolution
		{7077D67E-71F1-4BDB-857D-831A380BA6E7}.Debug|Any CPU.ActiveCfg = Debug|x86
		{7077D67E-71F1-4BDB-857D-831A380BA6E7}.Debug|Mixed Platforms.ActiveCfg = Debug|x86
		{7077D67E-71F1-4BDB-857D-831A380BA6E7}.Debug|Mixed Platforms.Build.0 = Debug|x86
		{7077D67E-71F1-4BDB-857D-831A380BA6E7}.Debug|x86.ActiveCfg = Debug|x86
		{7077D67E-71F1-4BDB-857D-831A380BA6E7}.Debug|x86.Build.0 = Debug|x86
		{7077D67E-71F1-4BDB-857D-831A380BA6E7}.Release|Any CPU.ActiveCfg = Release|x86
		{7077D67E-71F1-4BDB-857D-831A380BA6E7}.Release|Mixed Platforms.ActiveCfg = Release|x86
		{7077D67E-71F1-4BDB-857D-831A380BA6E7}.Release|Mixed Platforms.Build.0 = Release|x86
		{7077D67E-71F1-4BDB-857D-831A380BA6E7}.Release|x86.ActiveCfg = Release|x86
		{7077D67E-71F1-4BDB-857D-831A380BA6E7}.Release|x86.Build.0 = Release|x86
		{E05A6AEC-C255-4D7F-B9BE-2F9328B8B313}.Debug|Any CPU.ActiveCfg = Debug
		{E05A6AEC-C255-4D7F-B9BE-2F9328B8B313}.Debug|Any CPU.Build.0 = Debug
		{E05A6AEC-C255-4D7F-B9BE-2F9328B8B313}.Debug|Mixed Platforms.ActiveCfg = Debug
		{E05A6AEC-C255-4D7F-B9BE-2F9328B8B313}.Debug|Mixed Platforms.Build.0 = Debug
		{E05A6AEC-C255-4D7F-B9BE-2F9328B8B313}.Debug|x86.ActiveCfg = Debug
		{E05A6AEC-C255-4D7F-B9BE-2F9328B8B313}.Debug|x86.Build.0 = Debug
		{E05A6AEC-C255-4D7F-B9BE-2F9328B8B313}.Release|Any CPU.ActiveCfg = Release
		{E05A6AEC-C255-4D7F-B9BE-2F9328B8B313}.Release|Any CPU.Build.0 = Release
		{E05A6AEC-C255-4D7F-B9BE-2F9328B8B313}.Release|Mixed Platforms.ActiveCfg = Release
		{E05A6AEC-C255-4D7F-B9BE-2F9328B8B313}.Release|Mixed Platforms.Build.0 = Release
		{E05A6AEC-C255-4D7F-B9BE-2F9328B8B313}.Release|x86.ActiveCfg = Release
		{E05A6AEC-C255-4D7F-B9BE-2F9328B8B313}.Release|x86.Build.0 = Release
		{315E1206-9ADF-42D6-8DEF-192FF11D5628}.Debug|Any CPU.ActiveCfg = Debug|Any CPU
		{315E1206-9ADF-42D6-8DEF-192FF11D5628}.Debug|Any CPU.Build.0 = Debug|Any CPU
		{315E1206-9ADF-42D6-8DEF-192FF11D5628}.Debug|Mixed Platforms.ActiveCfg = Debug|Any CPU
		{315E1206-9ADF-42D6-8DEF-192FF11D5628}.Debug|Mixed Platforms.Build.0 = Debug|Any CPU
		{315E1206-9ADF-42D6-8DEF-192FF11D5628}.Debug|x86.ActiveCfg = Debug|Any CPU
		{315E1206-9ADF-42D6-8DEF-192FF11D5628}.Release|Any CPU.ActiveCfg = Release|Any CPU
		{315E1206-9ADF-42D6-8DEF-192FF11D5628}.Release|Any CPU.Build.0 = Release|Any CPU
		{315E1206-9ADF-42D6-8DEF-192FF11D5628}.Release|Mixed Platforms.ActiveCfg = Release|Any CPU
		{315E1206-9ADF-42D6-8DEF-192FF11D5628}.Release|Mixed Platforms.Build.0 = Release|Any CPU
		{315E1206-9ADF-42D6-8DEF-192FF11D5628}.Release|x86.ActiveCfg = Release|Any CPU
	EndGlobalSection
	GlobalSection(SolutionProperties) = preSolution
		HideSolutionNode = FALSE
	EndGlobalSection
EndGlobal
